
Microsoft Visual Studio Solution File, Format Version 12.00
# Visual Studio Version 16
VisualStudioVersion = 16.0.30717.126
MinimumVisualStudioVersion = 10.0.40219.1
Project("{FAE04EC0-301F-11D3-BF4B-00C04F79EFBC}") = "RSS_fider", "RSS_fider.csproj", "{899F2E51-CAF6-439F-B6B3-4136943BB5EE}"
EndProject
Global
	GlobalSection(SolutionConfigurationPlatforms) = preSolution
		Debug|Any CPU = Debug|Any CPU
		Release|Any CPU = Release|Any CPU
	EndGlobalSection
	GlobalSection(ProjectConfigurationPlatforms) = postSolution
		{899F2E51-CAF6-439F-B6B3-4136943BB5EE}.Debug|Any CPU.ActiveCfg = Debug|Any CPU
		{899F2E51-CAF6-439F-B6B3-4136943BB5EE}.Debug|Any CPU.Build.0 = Debug|Any CPU
		{899F2E51-CAF6-439F-B6B3-4136943BB5EE}.Release|Any CPU.ActiveCfg = Release|Any CPU
		{899F2E51-CAF6-439F-B6B3-4136943BB5EE}.Release|Any CPU.Build.0 = Release|Any CPU
	EndGlobalSection
	GlobalSection(SolutionProperties) = preSolution
		HideSolutionNode = FALSE
	EndGlobalSection
	GlobalSection(ExtensibilityGlobals) = postSolution
		SolutionGuid = {6C1C42D8-8B15-456B-83B2-634256737A0F}
	EndGlobalSection
EndGlobal
